{
  "name": "dexie-demo-2001",
  "lockfileVersion": 3,
  "requires": true,
  "packages": {
    "": {
      "dependencies": {
        "@bufbuild/protobuf": "^1.9.0",
        "dexie": "^4.0.7"
      },
      "devDependencies": {
        "@bufbuild/buf": "^1.32.1",
        "@bufbuild/protoc-gen-es": "^1.9.0",
        "typescript": "^5.4.5"
      }
    },
    "node_modules/@bufbuild/buf": {
      "version": "1.32.1",
      "resolved": "https://nexus.violetvault.com/repository/npm-group/@bufbuild/buf/-/buf-1.32.1.tgz",
      "integrity": "sha512-uPVhqDzYtz9Q7WTodCschf9xXKL5/TQHtU1fKOUmain/dGe66YtSU4LQ0SWmxAQEJIUSmkH4UOPgKEzNMKdWeg==",
      "dev": true,
      "hasInstallScript": true,
      "bin": {
        "buf": "bin/buf",
        "protoc-gen-buf-breaking": "bin/protoc-gen-buf-breaking",
        "protoc-gen-buf-lint": "bin/protoc-gen-buf-lint"
      },
      "engines": {
        "node": ">=12"
      },
      "optionalDependencies": {
        "@bufbuild/buf-darwin-arm64": "1.32.1",
        "@bufbuild/buf-darwin-x64": "1.32.1",
        "@bufbuild/buf-linux-aarch64": "1.32.1",
        "@bufbuild/buf-linux-x64": "1.32.1",
        "@bufbuild/buf-win32-arm64": "1.32.1",
        "@bufbuild/buf-win32-x64": "1.32.1"
      }
    },
    "node_modules/@bufbuild/buf-darwin-arm64": {
      "version": "1.32.1",
      "resolved": "https://nexus.violetvault.com/repository/npm-group/@bufbuild/buf-darwin-arm64/-/buf-darwin-arm64-1.32.1.tgz",
      "integrity": "sha512-Duw4StB5sth8s4cQfOa7Be6+OAXfGuuo3ZOkUzJTxWOVH0sWq0nTkO90kXMJOjOkmB/JMnqRQcVAdKuu9u1pcw==",
      "cpu": [
        "arm64"
      ],
      "dev": true,
      "optional": true,
      "os": [
        "darwin"
      ],
      "engines": {
        "node": ">=12"
      }
    },
    "node_modules/@bufbuild/buf-darwin-x64": {
      "version": "1.32.1",
      "resolved": "https://nexus.violetvault.com/repository/npm-group/@bufbuild/buf-darwin-x64/-/buf-darwin-x64-1.32.1.tgz",
      "integrity": "sha512-3ANVbOoSmfdFxhOvjMDLTr2u35+mdEQcF9Tx39ZEA+Las0WucV6n/bGPwucpH04a9UsW59npNt3IzA4VvUDcyw==",
      "cpu": [
        "x64"
      ],
      "dev": true,
      "optional": true,
      "os": [
        "darwin"
      ],
      "engines": {
        "node": ">=12"
      }
    },
    "node_modules/@bufbuild/buf-linux-aarch64": {
      "version": "1.32.1",
      "resolved": "https://nexus.violetvault.com/repository/npm-group/@bufbuild/buf-linux-aarch64/-/buf-linux-aarch64-1.32.1.tgz",
      "integrity": "sha512-QdGirTSFU/WzI/lBo9ph4ThQJS9S8Zm3l/7hg+07GrF57VqB1pUZvnh2298R10/kLKP6lpMtqeVrjMhIcHtxTw==",
      "cpu": [
        "arm64"
      ],
      "dev": true,
      "optional": true,
      "os": [
        "linux"
      ],
      "engines": {
        "node": ">=12"
      }
    },
    "node_modules/@bufbuild/buf-linux-x64": {
      "version": "1.32.1",
      "resolved": "https://nexus.violetvault.com/repository/npm-group/@bufbuild/buf-linux-x64/-/buf-linux-x64-1.32.1.tgz",
      "integrity": "sha512-6R8whslj+6WQi9nUjVkNx6AW64czFOFD22dLmrB4i3bY/WDku+/5CNHBU/On738pmgujQrEVT4ztB6fVmVtKOg==",
      "cpu": [
        "x64"
      ],
      "dev": true,
      "optional": true,
      "os": [
        "linux"
      ],
      "engines": {
        "node": ">=12"
      }
    },
    "node_modules/@bufbuild/buf-win32-arm64": {
      "version": "1.32.1",
      "resolved": "https://nexus.violetvault.com/repository/npm-group/@bufbuild/buf-win32-arm64/-/buf-win32-arm64-1.32.1.tgz",
      "integrity": "sha512-QPDxdLRxJpiCTEx7/5bIN3V3EPGvZ1+dyEco6d1qIydDrH9BbCWNy9YLPJOaDxAbewW4lrAX73FmMTTM4tNtbw==",
      "cpu": [
        "arm64"
      ],
      "dev": true,
      "optional": true,
      "os": [
        "win32"
      ],
      "engines": {
        "node": ">=12"
      }
    },
    "node_modules/@bufbuild/buf-win32-x64": {
      "version": "1.32.1",
      "resolved": "https://nexus.violetvault.com/repository/npm-group/@bufbuild/buf-win32-x64/-/buf-win32-x64-1.32.1.tgz",
      "integrity": "sha512-rZSM5id3zko+YQICZB3ypj+AVL0rcN7gra8SN4Ep4aOWAH6gib3RgH51cFcq9VgI1N1xTBy8wZvQMnMLPBn2zg==",
      "cpu": [
        "x64"
      ],
      "dev": true,
      "optional": true,
      "os": [
        "win32"
      ],
      "engines": {
        "node": ">=12"
      }
    },
    "node_modules/@bufbuild/protobuf": {
      "version": "1.9.0",
      "resolved": "https://nexus.violetvault.com/repository/npm-group/@bufbuild/protobuf/-/protobuf-1.9.0.tgz",
      "integrity": "sha512-W7gp8Q/v1NlCZLsv8pQ3Y0uCu/SHgXOVFK+eUluUKWXmsb6VHkpNx0apdOWWcDbB9sJoKeP8uPrjmehJz6xETQ=="
    },
    "node_modules/@bufbuild/protoc-gen-es": {
      "version": "1.9.0",
      "resolved": "https://nexus.violetvault.com/repository/npm-group/@bufbuild/protoc-gen-es/-/protoc-gen-es-1.9.0.tgz",
      "integrity": "sha512-LJy1nC3Jsfdhs9v48P7qF6YXIqh+usFhXSVzJDTmw0yKjxQ3CKBNISRtaMql/g9hb1MLRU6unHCcFfdz4HSO/Q==",
      "dev": true,
      "dependencies": {
        "@bufbuild/protobuf": "^1.9.0",
        "@bufbuild/protoplugin": "1.9.0"
      },
      "bin": {
        "protoc-gen-es": "bin/protoc-gen-es"
      },
      "engines": {
        "node": ">=14"
      },
      "peerDependencies": {
        "@bufbuild/protobuf": "1.9.0"
      },
      "peerDependenciesMeta": {
        "@bufbuild/protobuf": {
          "optional": true
        }
      }
    },
    "node_modules/@bufbuild/protoplugin": {
      "version": "1.9.0",
      "resolved": "https://nexus.violetvault.com/repository/npm-group/@bufbuild/protoplugin/-/protoplugin-1.9.0.tgz",
      "integrity": "sha512-/mxMiGs5h78RUHT7v4+mv0Wt0gyRf/SOS5PLzKEg2sclEAlFPbXfZ8HjlvxJpXZP/YpP3HvsW/mil3E69G0mXg==",
      "dev": true,
      "dependencies": {
        "@bufbuild/protobuf": "1.9.0",
        "@typescript/vfs": "^1.4.0",
        "typescript": "4.5.2"
      }
    },
    "node_modules/@bufbuild/protoplugin/node_modules/typescript": {
      "version": "4.5.2",
      "resolved": "https://nexus.violetvault.com/repository/npm-group/typescript/-/typescript-4.5.2.tgz",
      "integrity": "sha512-5BlMof9H1yGt0P8/WF+wPNw6GfctgGjXp5hkblpyT+8rkASSmkUKMXrxR0Xg8ThVCi/JnHQiKXeBaEwCeQwMFw==",
      "dev": true,
      "bin": {
        "tsc": "bin/tsc",
        "tsserver": "bin/tsserver"
      },
      "engines": {
        "node": ">=4.2.0"
      }
    },
    "node_modules/@typescript/vfs": {
      "version": "1.5.0",
      "resolved": "https://nexus.violetvault.com/repository/npm-group/@typescript/vfs/-/vfs-1.5.0.tgz",
      "integrity": "sha512-AJS307bPgbsZZ9ggCT3wwpg3VbTKMFNHfaY/uF0ahSkYYrPF2dSSKDNIDIQAHm9qJqbLvCsSJH7yN4Vs/CsMMg==",
      "dev": true,
      "dependencies": {
        "debug": "^4.1.1"
      }
    },
    "node_modules/debug": {
      "version": "4.3.4",
      "resolved": "https://nexus.violetvault.com/repository/npm-group/debug/-/debug-4.3.4.tgz",
      "integrity": "sha512-PRWFHuSU3eDtQJPvnNY7Jcket1j0t5OuOsFzPPzsekD52Zl8qUfFIPEiswXqIvHWGVHOgX+7G/vCNNhehwxfkQ==",
      "dev": true,
      "dependencies": {
        "ms": "2.1.2"
      },
      "engines": {
        "node": ">=6.0"
      },
      "peerDependenciesMeta": {
        "supports-color": {
          "optional": true
        }
      }
    },
    "node_modules/dexie": {
      "version": "4.0.7",
      "resolved": "https://nexus.violetvault.com/repository/npm-group/dexie/-/dexie-4.0.7.tgz",
      "integrity": "sha512-M+Lo6rk4pekIfrc2T0o2tvVJwL6EAAM/B78DNfb8aaxFVoI1f8/rz5KTxuAnApkwqTSuxx7T5t0RKH7qprapGg=="
    },
    "node_modules/ms": {
      "version": "2.1.2",
      "resolved": "https://nexus.violetvault.com/repository/npm-group/ms/-/ms-2.1.2.tgz",
      "integrity": "sha512-sGkPx+VjMtmA6MX27oA4FBFELFCZZ4S4XqeGOXCv68tT+jb3vk/RyaKWP0PTKyWtmLSM0b+adUTEvbs1PEaH2w==",
      "dev": true
    },
    "node_modules/typescript": {
      "version": "5.4.5",
      "resolved": "https://nexus.violetvault.com/repository/npm-group/typescript/-/typescript-5.4.5.tgz",
      "integrity": "sha512-vcI4UpRgg81oIRUFwR0WSIHKt11nJ7SAVlYNIu+QpqeyXP+gpQJy/Z4+F0aGxSE4MqwjyXvW/TzgkLAx2AGHwQ==",
      "dev": true,
      "bin": {
        "tsc": "bin/tsc",
        "tsserver": "bin/tsserver"
      },
      "engines": {
        "node": ">=14.17"
      }
    }
  }
}
